// !$*UTF8*$!
{
	archiveVersion = 1;
	classes = {
	};
	objectVersion = 46;
	objects = {

/* Begin PBXBuildFile section */
		A5A553021F4BC2B00033FA20 /* AppDelegate.swift in Sources */ = {isa = PBXBuildFile; fileRef = A5A553011F4BC2B00033FA20 /* AppDelegate.swift */; };
		A5A553041F4BC2B00033FA20 /* ViewController.swift in Sources */ = {isa = PBXBuildFile; fileRef = A5A553031F4BC2B00033FA20 /* ViewController.swift */; };
		A5A553071F4BC2B00033FA20 /* Main.storyboard in Resources */ = {isa = PBXBuildFile; fileRef = A5A553051F4BC2B00033FA20 /* Main.storyboard */; };
		A5A553091F4BC2B00033FA20 /* Assets.xcassets in Resources */ = {isa = PBXBuildFile; fileRef = A5A553081F4BC2B00033FA20 /* Assets.xcassets */; };
		A5A5530C1F4BC2B00033FA20 /* LaunchScreen.storyboard in Resources */ = {isa = PBXBuildFile; fileRef = A5A5530A1F4BC2B00033FA20 /* LaunchScreen.storyboard */; };
		A5A553171F4BC2B00033FA20 /* NavigationBarScrollTests.swift in Sources */ = {isa = PBXBuildFile; fileRef = A5A553161F4BC2B00033FA20 /* NavigationBarScrollTests.swift */; };
		A5A553221F4BC2B00033FA20 /* NavigationBarScrollUITests.swift in Sources */ = {isa = PBXBuildFile; fileRef = A5A553211F4BC2B00033FA20 /* NavigationBarScrollUITests.swift */; };
		A5A553301F4BC39B0033FA20 /* TestCell.swift in Sources */ = {isa = PBXBuildFile; fileRef = A5A5532F1F4BC39B0033FA20 /* TestCell.swift */; };
		A5A553321F4BD84D0033FA20 /* DetailViewController.swift in Sources */ = {isa = PBXBuildFile; fileRef = A5A553311F4BD84D0033FA20 /* DetailViewController.swift */; };
/* End PBXBuildFile section */

/* Begin PBXContainerItemProxy section */
		A5A553131F4BC2B00033FA20 /* PBXContainerItemProxy */ = {
			isa = PBXContainerItemProxy;
			containerPortal = A5A552F61F4BC2B00033FA20 /* Project object */;
			proxyType = 1;
			remoteGlobalIDString = A5A552FD1F4BC2B00033FA20;
			remoteInfo = NavigationBarScroll;
		};
		A5A5531E1F4BC2B00033FA20 /* PBXContainerItemProxy */ = {
			isa = PBXContainerItemProxy;
			containerPortal = A5A552F61F4BC2B00033FA20 /* Project object */;
			proxyType = 1;
			remoteGlobalIDString = A5A552FD1F4BC2B00033FA20;
			remoteInfo = NavigationBarScroll;
		};
/* End PBXContainerItemProxy section */

/* Begin PBXFileReference section */
		A5A552FE1F4BC2B00033FA20 /* NavigationBarScroll.app */ = {isa = PBXFileReference; explicitFileType = wrapper.application; includeInIndex = 0; path = NavigationBarScroll.app; sourceTree = BUILT_PRODUCTS_DIR; };
		A5A553011F4BC2B00033FA20 /* AppDelegate.swift */ = {isa = PBXFileReference; lastKnownFileType = sourcecode.swift; path = AppDelegate.swift; sourceTree = "<group>"; };
		A5A553031F4BC2B00033FA20 /* ViewController.swift */ = {isa = PBXFileReference; lastKnownFileType = sourcecode.swift; path = ViewController.swift; sourceTree = "<group>"; };
		A5A553061F4BC2B00033FA20 /* Base */ = {isa = PBXFileReference; lastKnownFileType = file.storyboard; name = Base; path = Base.lproj/Main.storyboard; sourceTree = "<group>"; };
		A5A553081F4BC2B00033FA20 /* Assets.xcassets */ = {isa = PBXFileReference; lastKnownFileType = folder.assetcatalog; path = Assets.xcassets; sourceTree = "<group>"; };
		A5A5530B1F4BC2B00033FA20 /* Base */ = {isa = PBXFileReference; lastKnownFileType = file.storyboard; name = Base; path = Base.lproj/LaunchScreen.storyboard; sourceTree = "<group>"; };
		A5A5530D1F4BC2B00033FA20 /* Info.plist */ = {isa = PBXFileReference; lastKnownFileType = text.plist.xml; path = Info.plist; sourceTree = "<group>"; };
		A5A553121F4BC2B00033FA20 /* NavigationBarScrollTests.xctest */ = {isa = PBXFileReference; explicitFileType = wrapper.cfbundle; includeInIndex = 0; path = NavigationBarScrollTests.xctest; sourceTree = BUILT_PRODUCTS_DIR; };
		A5A553161F4BC2B00033FA20 /* NavigationBarScrollTests.swift */ = {isa = PBXFileReference; lastKnownFileType = sourcecode.swift; path = NavigationBarScrollTests.swift; sourceTree = "<group>"; };
		A5A553181F4BC2B00033FA20 /* Info.plist */ = {isa = PBXFileReference; lastKnownFileType = text.plist.xml; path = Info.plist; sourceTree = "<group>"; };
		A5A5531D1F4BC2B00033FA20 /* NavigationBarScrollUITests.xctest */ = {isa = PBXFileReference; explicitFileType = wrapper.cfbundle; includeInIndex = 0; path = NavigationBarScrollUITests.xctest; sourceTree = BUILT_PRODUCTS_DIR; };
		A5A553211F4BC2B00033FA20 /* NavigationBarScrollUITests.swift */ = {isa = PBXFileReference; lastKnownFileType = sourcecode.swift; path = NavigationBarScrollUITests.swift; sourceTree = "<group>"; };
		A5A553231F4BC2B00033FA20 /* Info.plist */ = {isa = PBXFileReference; lastKnownFileType = text.plist.xml; path = Info.plist; sourceTree = "<group>"; };
		A5A5532F1F4BC39B0033FA20 /* TestCell.swift */ = {isa = PBXFileReference; fileEncoding = 4; lastKnownFileType = sourcecode.swift; path = TestCell.swift; sourceTree = "<group>"; };
		A5A553311F4BD84D0033FA20 /* DetailViewController.swift */ = {isa = PBXFileReference; fileEncoding = 4; lastKnownFileType = sourcecode.swift; path = DetailViewController.swift; sourceTree = "<group>"; };
/* End PBXFileReference section */

/* Begin PBXFrameworksBuildPhase section */
		A5A552FB1F4BC2B00033FA20 /* Frameworks */ = {
			isa = PBXFrameworksBuildPhase;
			buildActionMask = 2147483647;
			files = (
			);
			runOnlyForDeploymentPostprocessing = 0;
		};
		A5A5530F1F4BC2B00033FA20 /* Frameworks */ = {
			isa = PBXFrameworksBuildPhase;
			buildActionMask = 2147483647;
			files = (
			);
			runOnlyForDeploymentPostprocessing = 0;
		};
		A5A5531A1F4BC2B00033FA20 /* Frameworks */ = {
			isa = PBXFrameworksBuildPhase;
			buildActionMask = 2147483647;
			files = (
			);
			runOnlyForDeploymentPostprocessing = 0;
		};
/* End PBXFrameworksBuildPhase section */

/* Begin PBXGroup section */
		A5A552F51F4BC2B00033FA20 = {
			isa = PBXGroup;
			children = (
				A5A553001F4BC2B00033FA20 /* NavigationBarScroll */,
				A5A553151F4BC2B00033FA20 /* NavigationBarScrollTests */,
				A5A553201F4BC2B00033FA20 /* NavigationBarScrollUITests */,
				A5A552FF1F4BC2B00033FA20 /* Products */,
			);
			sourceTree = "<group>";
		};
		A5A552FF1F4BC2B00033FA20 /* Products */ = {
			isa = PBXGroup;
			children = (
				A5A552FE1F4BC2B00033FA20 /* NavigationBarScroll.app */,
				A5A553121F4BC2B00033FA20 /* NavigationBarScrollTests.xctest */,
				A5A5531D1F4BC2B00033FA20 /* NavigationBarScrollUITests.xctest */,
			);
			name = Products;
			sourceTree = "<group>";
		};
		A5A553001F4BC2B00033FA20 /* NavigationBarScroll */ = {
			isa = PBXGroup;
			children = (
				A5A553011F4BC2B00033FA20 /* AppDelegate.swift */,
				A5A553031F4BC2B00033FA20 /* ViewController.swift */,
				A5A553311F4BD84D0033FA20 /* DetailViewController.swift */,
				A5A5532F1F4BC39B0033FA20 /* TestCell.swift */,
				A5A553051F4BC2B00033FA20 /* Main.storyboard */,
				A5A553081F4BC2B00033FA20 /* Assets.xcassets */,
				A5A5530A1F4BC2B00033FA20 /* LaunchScreen.storyboard */,
				A5A5530D1F4BC2B00033FA20 /* Info.plist */,
			);
			path = NavigationBarScroll;
			sourceTree = "<group>";
		};
		A5A553151F4BC2B00033FA20 /* NavigationBarScrollTests */ = {
			isa = PBXGroup;
			children = (
				A5A553161F4BC2B00033FA20 /* NavigationBarScrollTests.swift */,
				A5A553181F4BC2B00033FA20 /* Info.plist */,
			);
			path = NavigationBarScrollTests;
			sourceTree = "<group>";
		};
		A5A553201F4BC2B00033FA20 /* NavigationBarScrollUITests */ = {
			isa = PBXGroup;
			children = (
				A5A553211F4BC2B00033FA20 /* NavigationBarScrollUITests.swift */,
				A5A553231F4BC2B00033FA20 /* Info.plist */,
			);
			path = NavigationBarScrollUITests;
			sourceTree = "<group>";
		};
/* End PBXGroup section */

/* Begin PBXNativeTarget section */
		A5A552FD1F4BC2B00033FA20 /* NavigationBarScroll */ = {
			isa = PBXNativeTarget;
			buildConfigurationList = A5A553261F4BC2B00033FA20 /* Build configuration list for PBXNativeTarget "NavigationBarScroll" */;
			buildPhases = (
				A5A552FA1F4BC2B00033FA20 /* Sources */,
				A5A552FB1F4BC2B00033FA20 /* Frameworks */,
				A5A552FC1F4BC2B00033FA20 /* Resources */,
			);
			buildRules = (
			);
			dependencies = (
			);
			name = NavigationBarScroll;
			productName = NavigationBarScroll;
			productReference = A5A552FE1F4BC2B00033FA20 /* NavigationBarScroll.app */;
			productType = "com.apple.product-type.application";
		};
		A5A553111F4BC2B00033FA20 /* NavigationBarScrollTests */ = {
			isa = PBXNativeTarget;
			buildConfigurationList = A5A553291F4BC2B00033FA20 /* Build configuration list for PBXNativeTarget "NavigationBarScrollTests" */;
			buildPhases = (
				A5A5530E1F4BC2B00033FA20 /* Sources */,
				A5A5530F1F4BC2B00033FA20 /* Frameworks */,
				A5A553101F4BC2B00033FA20 /* Resources */,
			);
			buildRules = (
			);
			dependencies = (
				A5A553141F4BC2B00033FA20 /* PBXTargetDependency */,
			);
			name = NavigationBarScrollTests;
			productName = NavigationBarScrollTests;
			productReference = A5A553121F4BC2B00033FA20 /* NavigationBarScrollTests.xctest */;
			productType = "com.apple.product-type.bundle.unit-test";
		};
		A5A5531C1F4BC2B00033FA20 /* NavigationBarScrollUITests */ = {
			isa = PBXNativeTarget;
			buildConfigurationList = A5A5532C1F4BC2B00033FA20 /* Build configuration list for PBXNativeTarget "NavigationBarScrollUITests" */;
			buildPhases = (
				A5A553191F4BC2B00033FA20 /* Sources */,
				A5A5531A1F4BC2B00033FA20 /* Frameworks */,
				A5A5531B1F4BC2B00033FA20 /* Resources */,
			);
			buildRules = (
			);
			dependencies = (
				A5A5531F1F4BC2B00033FA20 /* PBXTargetDependency */,
			);
			name = NavigationBarScrollUITests;
			productName = NavigationBarScrollUITests;
			productReference = A5A5531D1F4BC2B00033FA20 /* NavigationBarScrollUITests.xctest */;
			productType = "com.apple.product-type.bundle.ui-testing";
		};
/* End PBXNativeTarget section */

/* Begin PBXProject section */
		A5A552F61F4BC2B00033FA20 /* Project object */ = {
			isa = PBXProject;
			attributes = {
				LastSwiftUpdateCheck = 0830;
				LastUpgradeCheck = 0830;
				ORGANIZATIONNAME = self;
				TargetAttributes = {
					A5A552FD1F4BC2B00033FA20 = {
						CreatedOnToolsVersion = 8.3.1;
						ProvisioningStyle = Automatic;
					};
					A5A553111F4BC2B00033FA20 = {
						CreatedOnToolsVersion = 8.3.1;
						ProvisioningStyle = Automatic;
						TestTargetID = A5A552FD1F4BC2B00033FA20;
					};
					A5A5531C1F4BC2B00033FA20 = {
						CreatedOnToolsVersion = 8.3.1;
						ProvisioningStyle = Automatic;
						TestTargetID = A5A552FD1F4BC2B00033FA20;
					};
				};
			};
			buildConfigurationList = A5A552F91F4BC2B00033FA20 /* Build configuration list for PBXProject "NavigationBarScroll" */;
			compatibilityVersion = "Xcode 3.2";
			developmentRegion = English;
			hasScannedForEncodings = 0;
			knownRegions = (
				en,
				Base,
			);
			mainGroup = A5A552F51F4BC2B00033FA20;
			productRefGroup = A5A552FF1F4BC2B00033FA20 /* Products */;
			projectDirPath = "";
			projectRoot = "";
			targets = (
				A5A552FD1F4BC2B00033FA20 /* NavigationBarScroll */,
				A5A553111F4BC2B00033FA20 /* NavigationBarScrollTests */,
				A5A5531C1F4BC2B00033FA20 /* NavigationBarScrollUITests */,
			);
		};
/* End PBXProject section */

/* Begin PBXResourcesBuildPhase section */
		A5A552FC1F4BC2B00033FA20 /* Resources */ = {
			isa = PBXResourcesBuildPhase;
			buildActionMask = 2147483647;
			files = (
				A5A5530C1F4BC2B00033FA20 /* LaunchScreen.storyboard in Resources */,
				A5A553091F4BC2B00033FA20 /* Assets.xcassets in Resources */,
				A5A553071F4BC2B00033FA20 /* Main.storyboard in Resources */,
			);
			runOnlyForDeploymentPostprocessing = 0;
		};
		A5A553101F4BC2B00033FA20 /* Resources */ = {
			isa = PBXResourcesBuildPhase;
			buildActionMask = 2147483647;
			files = (
			);
			runOnlyForDeploymentPostprocessing = 0;
		};
		A5A5531B1F4BC2B00033FA20 /* Resources */ = {
			isa = PBXResourcesBuildPhase;
			buildActionMask = 2147483647;
			files = (
			);
			runOnlyForDeploymentPostprocessing = 0;
		};
/* End PBXResourcesBuildPhase section */

/* Begin PBXSourcesBuildPhase section */
		A5A552FA1F4BC2B00033FA20 /* Sources */ = {
			isa = PBXSourcesBuildPhase;
			buildActionMask = 2147483647;
			files = (
				A5A553041F4BC2B00033FA20 /* ViewController.swift in Sources */,
				A5A553301F4BC39B0033FA20 /* TestCell.swift in Sources */,
				A5A553021F4BC2B00033FA20 /* AppDelegate.swift in Sources */,
				A5A553321F4BD84D0033FA20 /* DetailViewController.swift in Sources */,
			);
			runOnlyForDeploymentPostprocessing = 0;
		};
		A5A5530E1F4BC2B00033FA20 /* Sources */ = {
			isa = PBXSourcesBuildPhase;
			buildActionMask = 2147483647;
			files = (
				A5A553171F4BC2B00033FA20 /* NavigationBarScrollTests.swift in Sources */,
			);
			runOnlyForDeploymentPostprocessing = 0;
		};
		A5A553191F4BC2B00033FA20 /* Sources */ = {
			isa = PBXSourcesBuildPhase;
			buildActionMask = 2147483647;
			files = (
				A5A553221F4BC2B00033FA20 /* NavigationBarScrollUITests.swift in Sources */,
			);
			runOnlyForDeploymentPostprocessing = 0;
		};
/* End PBXSourcesBuildPhase section */

/* Begin PBXTargetDependency section */
		A5A553141F4BC2B00033FA20 /* PBXTargetDependency */ = {
			isa = PBXTargetDependency;
			target = A5A552FD1F4BC2B00033FA20 /* NavigationBarScroll */;
			targetProxy = A5A553131F4BC2B00033FA20 /* PBXContainerItemProxy */;
		};
		A5A5531F1F4BC2B00033FA20 /* PBXTargetDependency */ = {
			isa = PBXTargetDependency;
			target = A5A552FD1F4BC2B00033FA20 /* NavigationBarScroll */;
			targetProxy = A5A5531E1F4BC2B00033FA20 /* PBXContainerItemProxy */;
		};
/* End PBXTargetDependency section */

/* Begin PBXVariantGroup section */
		A5A553051F4BC2B00033FA20 /* Main.storyboard */ = {
			isa = PBXVariantGroup;
			children = (
				A5A553061F4BC2B00033FA20 /* Base */,
			);
			name = Main.storyboard;
			sourceTree = "<group>";
		};
		A5A5530A1F4BC2B00033FA20 /* LaunchScreen.storyboard */ = {
			isa = PBXVariantGroup;
			children = (
				A5A5530B1F4BC2B00033FA20 /* Base */,
			);
			name = LaunchScreen.storyboard;
			sourceTree = "<group>";
		};
/* End PBXVariantGroup section */

/* Begin XCBuildConfiguration section */
		A5A553241F4BC2B00033FA20 /* Debug */ = {
			isa = XCBuildConfiguration;
			buildSettings = {
				ALWAYS_SEARCH_USER_PATHS = NO;
				CLANG_ANALYZER_NONNULL = YES;
				CLANG_ANALYZER_NUMBER_OBJECT_CONVERSION = YES_AGGRESSIVE;
				CLANG_CXX_LANGUAGE_STANDARD = "gnu++0x";
				CLANG_CXX_LIBRARY = "libc++";
				CLANG_ENABLE_MODULES = YES;
				CLANG_ENABLE_OBJC_ARC = YES;
				CLANG_WARN_BOOL_CONVERSION = YES;
				CLANG_WARN_CONSTANT_CONVERSION = YES;
				CLANG_WARN_DIRECT_OBJC_ISA_USAGE = YES_ERROR;
				CLANG_WARN_DOCUMENTATION_COMMENTS = YES;
				CLANG_WARN_EMPTY_BODY = YES;
				CLANG_WARN_ENUM_CONVERSION = YES;
				CLANG_WARN_INFINITE_RECURSION = YES;
				CLANG_WARN_INT_CONVERSION = YES;
				CLANG_WARN_OBJC_ROOT_CLASS = YES_ERROR;
				CLANG_WARN_SUSPICIOUS_MOVE = YES;
				CLANG_WARN_UNREACHABLE_CODE = YES;
				CLANG_WARN__DUPLICATE_METHOD_MATCH = YES;
				"CODE_SIGN_IDENTITY[sdk=iphoneos*]" = "iPhone Developer";
				COPY_PHASE_STRIP = NO;
				DEBUG_INFORMATION_FORMAT = dwarf;
				ENABLE_STRICT_OBJC_MSGSEND = YES;
				ENABLE_TESTABILITY = YES;
				GCC_C_LANGUAGE_STANDARD = gnu99;
				GCC_DYNAMIC_NO_PIC = NO;
				GCC_NO_COMMON_BLOCKS = YES;
				GCC_OPTIMIZATION_LEVEL = 0;
				GCC_PREPROCESSOR_DEFINITIONS = (
					"DEBUG=1",
					"$(inherited)",
				);
				GCC_WARN_64_TO_32_BIT_CONVERSION = YES;
				GCC_WARN_ABOUT_RETURN_TYPE = YES_ERROR;
				GCC_WARN_UNDECLARED_SELECTOR = YES;
				GCC_WARN_UNINITIALIZED_AUTOS = YES_AGGRESSIVE;
				GCC_WARN_UNUSED_FUNCTION = YES;
				GCC_WARN_UNUSED_VARIABLE = YES;
				IPHONEOS_DEPLOYMENT_TARGET = 10.3;
				MTL_ENABLE_DEBUG_INFO = YES;
				ONLY_ACTIVE_ARCH = YES;
				SDKROOT = iphoneos;
				SWIFT_ACTIVE_COMPILATION_CONDITIONS = DEBUG;
				SWIFT_OPTIMIZATION_LEVEL = "-Onone";
			};
			name = Debug;
		};
		A5A553251F4BC2B00033FA20 /* Release */ = {
			isa = XCBuildConfiguration;
			buildSettings = {
				ALWAYS_SEARCH_USER_PATHS = NO;
				CLANG_ANALYZER_NONNULL = YES;
				CLANG_ANALYZER_NUMBER_OBJECT_CONVERSION = YES_AGGRESSIVE;
				CLANG_CXX_LANGUAGE_STANDARD = "gnu++0x";
				CLANG_CXX_LIBRARY = "libc++";
				CLANG_ENABLE_MODULES = YES;
				CLANG_ENABLE_OBJC_ARC = YES;
				CLANG_WARN_BOOL_CONVERSION = YES;
				CLANG_WARN_CONSTANT_CONVERSION = YES;
				CLANG_WARN_DIRECT_OBJC_ISA_USAGE = YES_ERROR;
				CLANG_WARN_DOCUMENTATION_COMMENTS = YES;
				CLANG_WARN_EMPTY_BODY = YES;
				CLANG_WARN_ENUM_CONVERSION = YES;
				CLANG_WARN_INFINITE_RECURSION = YES;
				CLANG_WARN_INT_CONVERSION = YES;
				CLANG_WARN_OBJC_ROOT_CLASS = YES_ERROR;
				CLANG_WARN_SUSPICIOUS_MOVE = YES;
				CLANG_WARN_UNREACHABLE_CODE = YES;
				CLANG_WARN__DUPLICATE_METHOD_MATCH = YES;
				"CODE_SIGN_IDENTITY[sdk=iphoneos*]" = "iPhone Developer";
				COPY_PHASE_STRIP = NO;
				DEBUG_INFORMATION_FORMAT = "dwarf-with-dsym";
				ENABLE_NS_ASSERTIONS = NO;
				ENABLE_STRICT_OBJC_MSGSEND = YES;
				GCC_C_LANGUAGE_STANDARD = gnu99;
				GCC_NO_COMMON_BLOCKS = YES;
				GCC_WARN_64_TO_32_BIT_CONVERSION = YES;
				GCC_WARN_ABOUT_RETURN_TYPE = YES_ERROR;
				GCC_WARN_UNDECLARED_SELECTOR = YES;
				GCC_WARN_UNINITIALIZED_AUTOS = YES_AGGRESSIVE;
				GCC_WARN_UNUSED_FUNCTION = YES;
				GCC_WARN_UNUSED_VARIABLE = YES;
				IPHONEOS_DEPLOYMENT_TARGET = 10.3;
				MTL_ENABLE_DEBUG_INFO = NO;
				SDKROOT = iphoneos;
				SWIFT_OPTIMIZATION_LEVEL = "-Owholemodule";
				VALIDATE_PRODUCT = YES;
			};
			name = Release;
		};
		A5A553271F4BC2B00033FA20 /* Debug */ = {
			isa = XCBuildConfiguration;
			buildSettings = {
				ASSETCATALOG_COMPILER_APPICON_NAME = AppIcon;
				INFOPLIST_FILE = NavigationBarScroll/Info.plist;
				LD_RUNPATH_SEARCH_PATHS = "$(inherited) @executable_path/Frameworks";
				PRODUCT_BUNDLE_IDENTIFIER = LF.NavigationBarScroll;
				PRODUCT_NAME = "$(TARGET_NAME)";
				SWIFT_VERSION = 3.0;
			};
			name = Debug;
		};
		A5A553281F4BC2B00033FA20 /* Release */ = {
			isa = XCBuildConfiguration;
			buildSettings = {
				ASSETCATALOG_COMPILER_APPICON_NAME = AppIcon;
				INFOPLIST_FILE = NavigationBarScroll/Info.plist;
				LD_RUNPATH_SEARCH_PATHS = "$(inherited) @executable_path/Frameworks";
				PRODUCT_BUNDLE_IDENTIFIER = LF.NavigationBarScroll;
				PRODUCT_NAME = "$(TARGET_NAME)";
				SWIFT_VERSION = 3.0;
			};
			name = Release;
		};
		A5A5532A1F4BC2B00033FA20 /* Debug */ = {
			isa = XCBuildConfiguration;
			buildSettings = {
				ALWAYS_EMBED_SWIFT_STANDARD_LIBRARIES = YES;
				BUNDLE_LOADER = "$(TEST_HOST)";
				INFOPLIST_FILE = NavigationBarScrollTests/Info.plist;
				LD_RUNPATH_SEARCH_PATHS = "$(inherited) @executable_path/Frameworks @loader_path/Frameworks";
				PRODUCT_BUNDLE_IDENTIFIER = LF.NavigationBarScrollTests;
				PRODUCT_NAME = "$(TARGET_NAME)";
				SWIFT_VERSION = 3.0;
				TEST_HOST = "$(BUILT_PRODUCTS_DIR)/NavigationBarScroll.app/NavigationBarScroll";
			};
			name = Debug;
		};
		A5A5532B1F4BC2B00033FA20 /* Release */ = {
			isa = XCBuildConfiguration;
			buildSettings = {
				ALWAYS_EMBED_SWIFT_STANDARD_LIBRARIES = YES;
				BUNDLE_LOADER = "$(TEST_HOST)";
				INFOPLIST_FILE = NavigationBarScrollTests/Info.plist;
				LD_RUNPATH_SEARCH_PATHS = "$(inherited) @executable_path/Frameworks @loader_path/Frameworks";
				PRODUCT_BUNDLE_IDENTIFIER = LF.NavigationBarScrollTests;
				PRODUCT_NAME = "$(TARGET_NAME)";
				SWIFT_VERSION = 3.0;
				TEST_HOST = "$(BUILT_PRODUCTS_DIR)/NavigationBarScroll.app/NavigationBarScroll";
			};
			name = Release;
		};
		A5A5532D1F4BC2B00033FA20 /* Debug */ = {
			isa = XCBuildConfiguration;
			buildSettings = {
				ALWAYS_EMBED_SWIFT_STANDARD_LIBRARIES = YES;
				INFOPLIST_FILE = NavigationBarScrollUITests/Info.plist;
				LD_RUNPATH_SEARCH_PATHS = "$(inherited) @executable_path/Frameworks @loader_path/Frameworks";
				PRODUCT_BUNDLE_IDENTIFIER = LF.NavigationBarScrollUITests;
				PRODUCT_NAME = "$(TARGET_NAME)";
				SWIFT_VERSION = 3.0;
				TEST_TARGET_NAME = NavigationBarScroll;
			};
			name = Debug;
		};
		A5A5532E1F4BC2B00033FA20 /* Release */ = {
			isa = XCBuildConfiguration;
			buildSettings = {
				ALWAYS_EMBED_SWIFT_STANDARD_LIBRARIES = YES;
				INFOPLIST_FILE = NavigationBarScrollUITests/Info.plist;
				LD_RUNPATH_SEARCH_PATHS = "$(inherited) @executable_path/Frameworks @loader_path/Frameworks";
				PRODUCT_BUNDLE_IDENTIFIER = LF.NavigationBarScrollUITests;
				PRODUCT_NAME = "$(TARGET_NAME)";
				SWIFT_VERSION = 3.0;
				TEST_TARGET_NAME = NavigationBarScroll;
			};
			name = Release;
		};
/* End XCBuildConfiguration section */

/* Begin XCConfigurationList section */
		A5A552F91F4BC2B00033FA20 /* Build configuration list for PBXProject "NavigationBarScroll" */ = {
			isa = XCConfigurationList;
			buildConfigurations = (
				A5A553241F4BC2B00033FA20 /* Debug */,
				A5A553251F4BC2B00033FA20 /* Release */,
			);
			defaultConfigurationIsVisible = 0;
			defaultConfigurationName = Release;
		};
		A5A553261F4BC2B00033FA20 /* Build configuration list for PBXNativeTarget "NavigationBarScroll" */ = {
			isa = XCConfigurationList;
			buildConfigurations = (
				A5A553271F4BC2B00033FA20 /* Debug */,
				A5A553281F4BC2B00033FA20 /* Release */,
			);
			defaultConfigurationIsVisible = 0;
		};
		A5A553291F4BC2B00033FA20 /* Build configuration list for PBXNativeTarget "NavigationBarScrollTests" */ = {
			isa = XCConfigurationList;
			buildConfigurations = (
				A5A5532A1F4BC2B00033FA20 /* Debug */,
				A5A5532B1F4BC2B00033FA20 /* Release */,
			);
			defaultConfigurationIsVisible = 0;
		};
		A5A5532C1F4BC2B00033FA20 /* Build configuration list for PBXNativeTarget "NavigationBarScrollUITests" */ = {
			isa = XCConfigurationList;
			buildConfigurations = (
				A5A5532D1F4BC2B00033FA20 /* Debug */,
				A5A5532E1F4BC2B00033FA20 /* Release */,
			);
			defaultConfigurationIsVisible = 0;
		};
/* End XCConfigurationList section */
	};
	rootObject = A5A552F61F4BC2B00033FA20 /* Project object */;
}
